
Microsoft Visual Studio Solution File, Format Version 12.00
# Visual Studio Version 16
VisualStudioVersion = 16.0.31829.152
MinimumVisualStudioVersion = 10.0.40219.1
Project("{FAE04EC0-301F-11D3-BF4B-00C04F79EFBC}") = "ParcticaEntornosT6", "ParcticaEntornosT6\ParcticaEntornosT6.csproj", "{393037B9-F983-4AE8-BC59-44C7C4A671DC}"
EndProject
Global
	GlobalSection(SolutionConfigurationPlatforms) = preSolution
		Debug|Any CPU = Debug|Any CPU
		Release|Any CPU = Release|Any CPU
	EndGlobalSection
	GlobalSection(ProjectConfigurationPlatforms) = postSolution
		{393037B9-F983-4AE8-BC59-44C7C4A671DC}.Debug|Any CPU.ActiveCfg = Debug|Any CPU
		{393037B9-F983-4AE8-BC59-44C7C4A671DC}.Debug|Any CPU.Build.0 = Debug|Any CPU
		{393037B9-F983-4AE8-BC59-44C7C4A671DC}.Release|Any CPU.ActiveCfg = Release|Any CPU
		{393037B9-F983-4AE8-BC59-44C7C4A671DC}.Release|Any CPU.Build.0 = Release|Any CPU
	EndGlobalSection
	GlobalSection(SolutionProperties) = preSolution
		HideSolutionNode = FALSE
	EndGlobalSection
	GlobalSection(ExtensibilityGlobals) = postSolution
		SolutionGuid = {69665143-BB80-4985-B587-735D58452BD5}
	EndGlobalSection
EndGlobal
